
Microsoft Visual Studio Solution File, Format Version 12.00
# Visual Studio Version 17
VisualStudioVersion = 17.10.35013.160
MinimumVisualStudioVersion = 10.0.40219.1
Project("{2150E333-8FDC-42A3-9474-1A3956D46DE8}") = "src", "src", "{F04447DA-7F96-4D78-A908-2A65E4F02429}"
EndProject
Project("{9A19103F-16F7-4668-BE54-9A1E7A4F7556}") = "Cadastro.Gateway.API", "src\Cadastro.Gateway.API\Cadastro.Gateway.API.csproj", "{FEB9CE0D-8D3A-450B-817F-39AF61CAA6CE}"
EndProject
Project("{2150E333-8FDC-42A3-9474-1A3956D46DE8}") = "Solucion Items", "Solucion Items", "{08983CB4-2398-44D7-A138-CFE783AA5CD0}"
	ProjectSection(SolutionItems) = preProject
		docker-compose.yml = docker-compose.yml
		Dockerfile = Dockerfile
		prometheus.yml = prometheus.yml
	EndProjectSection
EndProject
Global
	GlobalSection(SolutionConfigurationPlatforms) = preSolution
		Debug|Any CPU = Debug|Any CPU
		Release|Any CPU = Release|Any CPU
	EndGlobalSection
	GlobalSection(ProjectConfigurationPlatforms) = postSolution
		{FEB9CE0D-8D3A-450B-817F-39AF61CAA6CE}.Debug|Any CPU.ActiveCfg = Debug|Any CPU
		{FEB9CE0D-8D3A-450B-817F-39AF61CAA6CE}.Debug|Any CPU.Build.0 = Debug|Any CPU
		{FEB9CE0D-8D3A-450B-817F-39AF61CAA6CE}.Release|Any CPU.ActiveCfg = Release|Any CPU
		{FEB9CE0D-8D3A-450B-817F-39AF61CAA6CE}.Release|Any CPU.Build.0 = Release|Any CPU
	EndGlobalSection
	GlobalSection(SolutionProperties) = preSolution
		HideSolutionNode = FALSE
	EndGlobalSection
	GlobalSection(NestedProjects) = preSolution
		{FEB9CE0D-8D3A-450B-817F-39AF61CAA6CE} = {F04447DA-7F96-4D78-A908-2A65E4F02429}
	EndGlobalSection
	GlobalSection(ExtensibilityGlobals) = postSolution
		SolutionGuid = {84253C28-28E7-4F7F-81C9-E8BC54A75A22}
	EndGlobalSection
EndGlobal
